
Microsoft Visual Studio Solution File, Format Version 12.00
# Visual Studio Version 17
VisualStudioVersion = 17.14.37314.3 d17.14
MinimumVisualStudioVersion = 10.0.40219.1
Project("{FAE04EC0-301F-11D3-BF4B-00C04F79EFBC}") = "AgenciaShalonEF", "AgenciaShalonEF\AgenciaShalonEF.csproj", "{C3A7A554-F454-4556-A9E5-650FDAF29317}"
EndProject
Project("{FAE04EC0-301F-11D3-BF4B-00C04F79EFBC}") = "Clases", "Clases\Clases.csproj", "{994F5D6C-7DE4-4895-8702-C8C06583DBB7}"
EndProject
Global
	GlobalSection(SolutionConfigurationPlatforms) = preSolution
		Debug|Any CPU = Debug|Any CPU
		Release|Any CPU = Release|Any CPU
	EndGlobalSection
	GlobalSection(ProjectConfigurationPlatforms) = postSolution
		{C3A7A554-F454-4556-A9E5-650FDAF29317}.Debug|Any CPU.ActiveCfg = Debug|Any CPU
		{C3A7A554-F454-4556-A9E5-650FDAF29317}.Debug|Any CPU.Build.0 = Debug|Any CPU
		{C3A7A554-F454-4556-A9E5-650FDAF29317}.Release|Any CPU.ActiveCfg = Release|Any CPU
		{C3A7A554-F454-4556-A9E5-650FDAF29317}.Release|Any CPU.Build.0 = Release|Any CPU
		{994F5D6C-7DE4-4895-8702-C8C06583DBB7}.Debug|Any CPU.ActiveCfg = Debug|Any CPU
		{994F5D6C-7DE4-4895-8702-C8C06583DBB7}.Debug|Any CPU.Build.0 = Debug|Any CPU
		{994F5D6C-7DE4-4895-8702-C8C06583DBB7}.Release|Any CPU.ActiveCfg = Release|Any CPU
		{994F5D6C-7DE4-4895-8702-C8C06583DBB7}.Release|Any CPU.Build.0 = Release|Any CPU
	EndGlobalSection
	GlobalSection(SolutionProperties) = preSolution
		HideSolutionNode = FALSE
	EndGlobalSection
	GlobalSection(ExtensibilityGlobals) = postSolution
		SolutionGuid = {28F7F84D-8FC4-4FE6-9BA0-AADFE7E962A9}
	EndGlobalSection
EndGlobal
